
Microsoft Visual Studio Solution File, Format Version 12.00
# Visual Studio Version 17
VisualStudioVersion = 17.13.35931.197 d17.13
MinimumVisualStudioVersion = 10.0.40219.1
Project("{FAE04EC0-301F-11D3-BF4B-00C04F79EFBC}") = "ScreenSaver", "ScreenSaver.csproj", "{06A25982-8F42-4A4B-8E3E-E3DA5E90D662}"
EndProject
Global
	GlobalSection(SolutionConfigurationPlatforms) = preSolution
		Debug|Any CPU = Debug|Any CPU
		Release|Any CPU = Release|Any CPU
	EndGlobalSection
	GlobalSection(ProjectConfigurationPlatforms) = postSolution
		{06A25982-8F42-4A4B-8E3E-E3DA5E90D662}.Debug|Any CPU.ActiveCfg = Debug|Any CPU
		{06A25982-8F42-4A4B-8E3E-E3DA5E90D662}.Debug|Any CPU.Build.0 = Debug|Any CPU
		{06A25982-8F42-4A4B-8E3E-E3DA5E90D662}.Release|Any CPU.ActiveCfg = Release|Any CPU
		{06A25982-8F42-4A4B-8E3E-E3DA5E90D662}.Release|Any CPU.Build.0 = Release|Any CPU
	EndGlobalSection
	GlobalSection(SolutionProperties) = preSolution
		HideSolutionNode = FALSE
	EndGlobalSection
	GlobalSection(ExtensibilityGlobals) = postSolution
		SolutionGuid = {8DFF9D81-0134-4A33-BFB5-4AFD936BB5A4}
	EndGlobalSection
EndGlobal
